bcrypt==5.0.0
cffi==2.1.1
colorama==0.4.6
cryptography==50.0.1
editables==0.5
hatchling==1.27.0
iniconfig==2.3.0
invoke==3.0.3
packaging==26.3
paramiko==4.0.0
pathspec==1.1.1
pluggy==1.6.0
pycparser==3.0
pygments==2.21.0
pynacl==1.6.2
pytest==8.4.2
ruff==0.15.7
trove-classifiers==2026.6.1.19
tzdata==2026.4
