# Pinned external wtc dependencies, hashes from PyPI release JSON.
scikit-learn==1.7.2 --hash=sha256:89877e19a80c7b11a2891a27c21c4894fb18e2c2e077815bcade10d34287b20d
joblib==1.5.2 --hash=sha256:4e1f0bdbb987e6d843c70cf43714cb276623def372df3c22fe5266b2670bc241
threadpoolctl==3.6.0 --hash=sha256:43a0b8fd5a2928500110039e43a5eed8480b918967083ea48dc3ab9f13c4a7fb
